{
  "name": "node-cout",
  "version": "2023.02.03",
  "lockfileVersion": 2,
  "requires": true,
  "packages": {
    "": {
      "name": "node-cout",
      "version": "2023.02.03",
      "hasInstallScript": true,
      "license": "Mozilla Public License 2.0",
      "dependencies": {
        "@thundernetworkrad/logs": "^2023.2.5",
        "@thundernetworkrad/time": "^2023.2.5",
        "@types/node": "^18.11.18",
        "tslib": "^2.5.0",
        "typescript": "^4.9.4"
      }
    },
    "node_modules/@thundernetworkrad/logs": {
      "version": "2023.2.5",
      "resolved": "https://registry.npmjs.org/@thundernetworkrad/logs/-/logs-2023.2.5.tgz",
      "integrity": "sha512-LsNYvpW4/Piv8UCVJf0tz5I81Gn8YWMB5VT5EG1rua816TfXafXrFxU6coc4SHHxK6putRfvtFjQqZwe4TtwYg==",
      "hasInstallScript": true,
      "dependencies": {
        "@thundernetworkrad/time": "^2023.2.5",
        "@types/node": "^18.11.18",
        "tslib": "^2.5.0",
        "typescript": "^4.9.4"
      }
    },
    "node_modules/@thundernetworkrad/time": {
      "version": "2023.2.5",
      "resolved": "https://registry.npmjs.org/@thundernetworkrad/time/-/time-2023.2.5.tgz",
      "integrity": "sha512-BKU7/ZjK3xQw/gBMj+mUbJt37FikQD7ov6Y19Y1ouEF/tnPeAEkXQtA7DrD741RPcemPRvz4a3UQ1uxheGrKsw==",
      "hasInstallScript": true
    },
    "node_modules/@types/node": {
      "version": "18.11.18",
      "resolved": "https://registry.npmjs.org/@types/node/-/node-18.11.18.tgz",
      "integrity": "sha512-DHQpWGjyQKSHj3ebjFI/wRKcqQcdR+MoFBygntYOZytCqNfkd2ZC4ARDJ2DQqhjH5p85Nnd3jhUJIXrszFX/JA=="
    },
    "node_modules/tslib": {
      "version": "2.5.0",
      "resolved": "https://registry.npmjs.org/tslib/-/tslib-2.5.0.tgz",
      "integrity": "sha512-336iVw3rtn2BUK7ORdIAHTyxHGRIHVReokCR3XjbckJMK7ms8FysBfhLR8IXnAgy7T0PTPNBWKiH514FOW/WSg=="
    },
    "node_modules/typescript": {
      "version": "4.9.5",
      "resolved": "https://registry.npmjs.org/typescript/-/typescript-4.9.5.tgz",
      "integrity": "sha512-1FXk9E2Hm+QzZQ7z+McJiHL4NW1F2EzMu9Nq9i3zAaGqibafqYwCVU6WyWAuyQRRzOlxou8xZSyXLEN8oKj24g==",
      "bin": {
        "tsc": "bin/tsc",
        "tsserver": "bin/tsserver"
      },
      "engines": {
        "node": ">=4.2.0"
      }
    }
  },
  "dependencies": {
    "@thundernetworkrad/logs": {
      "version": "2023.2.5",
      "resolved": "https://registry.npmjs.org/@thundernetworkrad/logs/-/logs-2023.2.5.tgz",
      "integrity": "sha512-LsNYvpW4/Piv8UCVJf0tz5I81Gn8YWMB5VT5EG1rua816TfXafXrFxU6coc4SHHxK6putRfvtFjQqZwe4TtwYg==",
      "requires": {
        "@thundernetworkrad/time": "^2023.2.5",
        "@types/node": "^18.11.18",
        "tslib": "^2.5.0",
        "typescript": "^4.9.4"
      }
    },
    "@thundernetworkrad/time": {
      "version": "2023.2.5",
      "resolved": "https://registry.npmjs.org/@thundernetworkrad/time/-/time-2023.2.5.tgz",
      "integrity": "sha512-BKU7/ZjK3xQw/gBMj+mUbJt37FikQD7ov6Y19Y1ouEF/tnPeAEkXQtA7DrD741RPcemPRvz4a3UQ1uxheGrKsw=="
    },
    "@types/node": {
      "version": "18.11.18",
      "resolved": "https://registry.npmjs.org/@types/node/-/node-18.11.18.tgz",
      "integrity": "sha512-DHQpWGjyQKSHj3ebjFI/wRKcqQcdR+MoFBygntYOZytCqNfkd2ZC4ARDJ2DQqhjH5p85Nnd3jhUJIXrszFX/JA=="
    },
    "tslib": {
      "version": "2.5.0",
      "resolved": "https://registry.npmjs.org/tslib/-/tslib-2.5.0.tgz",
      "integrity": "sha512-336iVw3rtn2BUK7ORdIAHTyxHGRIHVReokCR3XjbckJMK7ms8FysBfhLR8IXnAgy7T0PTPNBWKiH514FOW/WSg=="
    },
    "typescript": {
      "version": "4.9.5",
      "resolved": "https://registry.npmjs.org/typescript/-/typescript-4.9.5.tgz",
      "integrity": "sha512-1FXk9E2Hm+QzZQ7z+McJiHL4NW1F2EzMu9Nq9i3zAaGqibafqYwCVU6WyWAuyQRRzOlxou8xZSyXLEN8oKj24g=="
    }
  }
}
