{
  "name": "node-cout",
  "version": "2023.02.03",
  "lockfileVersion": 2,
  "requires": true,
  "packages": {
    "": {
      "name": "node-cout",
      "version": "2023.02.03",
      "hasInstallScript": true,
      "license": "Mozilla Public License 2.0",
      "dependencies": {
        "@thundernetworkrad/logs": "^2023.2.3-1",
        "@thundernetworkrad/time": "^2023.2.3",
        "@types/node": "^18.11.18",
        "tslib": "^2.5.0",
        "typescript": "^4.9.4"
      }
    },
    "node_modules/@thundernetworkrad/logs": {
      "version": "2023.2.3-1",
      "resolved": "https://registry.npmjs.org/@thundernetworkrad/logs/-/logs-2023.2.3-1.tgz",
      "integrity": "sha512-3H+hrEThK/A8QYs92Kw8xN9WItKQjMHlf0T2yvGb7QrWhfyz3LKEHFz5j9IQWCc0LdoYIwpP4W683ZXmQqgypw==",
      "hasInstallScript": true,
      "dependencies": {
        "@thundernetworkrad/readline-sync": "^2023.1.26-2",
        "@types/node": "^18.11.18",
        "tslib": "^2.5.0",
        "typescript": "^4.9.4"
      }
    },
    "node_modules/@thundernetworkrad/readline-sync": {
      "version": "2023.1.30",
      "resolved": "https://registry.npmjs.org/@thundernetworkrad/readline-sync/-/readline-sync-2023.1.30.tgz",
      "integrity": "sha512-vURr/jHuyum/ZRscvnkIgyIUV6VRj/ueMGGQ4tPLs8Gi4iwm4xJn2kg/Qmrnp6VdlnFDcOB3ogoMyJ0FQWkNkw==",
      "engines": {
        "node": ">= 0.8.0"
      }
    },
    "node_modules/@thundernetworkrad/time": {
      "version": "2023.2.3",
      "resolved": "https://registry.npmjs.org/@thundernetworkrad/time/-/time-2023.2.3.tgz",
      "integrity": "sha512-/+u+Y4I7PSuJ9sTvE7ZcNz1+2woazUwoIPMHdfXR1pMkm+A4T7sE6w1JyrdzzN4m+hpRO9azwS9G8rgv6aB9wg==",
      "hasInstallScript": true
    },
    "node_modules/@types/node": {
      "version": "18.11.18",
      "resolved": "https://registry.npmjs.org/@types/node/-/node-18.11.18.tgz",
      "integrity": "sha512-DHQpWGjyQKSHj3ebjFI/wRKcqQcdR+MoFBygntYOZytCqNfkd2ZC4ARDJ2DQqhjH5p85Nnd3jhUJIXrszFX/JA=="
    },
    "node_modules/tslib": {
      "version": "2.5.0",
      "resolved": "https://registry.npmjs.org/tslib/-/tslib-2.5.0.tgz",
      "integrity": "sha512-336iVw3rtn2BUK7ORdIAHTyxHGRIHVReokCR3XjbckJMK7ms8FysBfhLR8IXnAgy7T0PTPNBWKiH514FOW/WSg=="
    },
    "node_modules/typescript": {
      "version": "4.9.5",
      "resolved": "https://registry.npmjs.org/typescript/-/typescript-4.9.5.tgz",
      "integrity": "sha512-1FXk9E2Hm+QzZQ7z+McJiHL4NW1F2EzMu9Nq9i3zAaGqibafqYwCVU6WyWAuyQRRzOlxou8xZSyXLEN8oKj24g==",
      "bin": {
        "tsc": "bin/tsc",
        "tsserver": "bin/tsserver"
      },
      "engines": {
        "node": ">=4.2.0"
      }
    }
  },
  "dependencies": {
    "@thundernetworkrad/logs": {
      "version": "2023.2.3-1",
      "resolved": "https://registry.npmjs.org/@thundernetworkrad/logs/-/logs-2023.2.3-1.tgz",
      "integrity": "sha512-3H+hrEThK/A8QYs92Kw8xN9WItKQjMHlf0T2yvGb7QrWhfyz3LKEHFz5j9IQWCc0LdoYIwpP4W683ZXmQqgypw==",
      "requires": {
        "@thundernetworkrad/readline-sync": "^2023.1.26-2",
        "@types/node": "^18.11.18",
        "tslib": "^2.5.0",
        "typescript": "^4.9.4"
      }
    },
    "@thundernetworkrad/readline-sync": {
      "version": "2023.1.30",
      "resolved": "https://registry.npmjs.org/@thundernetworkrad/readline-sync/-/readline-sync-2023.1.30.tgz",
      "integrity": "sha512-vURr/jHuyum/ZRscvnkIgyIUV6VRj/ueMGGQ4tPLs8Gi4iwm4xJn2kg/Qmrnp6VdlnFDcOB3ogoMyJ0FQWkNkw=="
    },
    "@thundernetworkrad/time": {
      "version": "2023.2.3",
      "resolved": "https://registry.npmjs.org/@thundernetworkrad/time/-/time-2023.2.3.tgz",
      "integrity": "sha512-/+u+Y4I7PSuJ9sTvE7ZcNz1+2woazUwoIPMHdfXR1pMkm+A4T7sE6w1JyrdzzN4m+hpRO9azwS9G8rgv6aB9wg=="
    },
    "@types/node": {
      "version": "18.11.18",
      "resolved": "https://registry.npmjs.org/@types/node/-/node-18.11.18.tgz",
      "integrity": "sha512-DHQpWGjyQKSHj3ebjFI/wRKcqQcdR+MoFBygntYOZytCqNfkd2ZC4ARDJ2DQqhjH5p85Nnd3jhUJIXrszFX/JA=="
    },
    "tslib": {
      "version": "2.5.0",
      "resolved": "https://registry.npmjs.org/tslib/-/tslib-2.5.0.tgz",
      "integrity": "sha512-336iVw3rtn2BUK7ORdIAHTyxHGRIHVReokCR3XjbckJMK7ms8FysBfhLR8IXnAgy7T0PTPNBWKiH514FOW/WSg=="
    },
    "typescript": {
      "version": "4.9.5",
      "resolved": "https://registry.npmjs.org/typescript/-/typescript-4.9.5.tgz",
      "integrity": "sha512-1FXk9E2Hm+QzZQ7z+McJiHL4NW1F2EzMu9Nq9i3zAaGqibafqYwCVU6WyWAuyQRRzOlxou8xZSyXLEN8oKj24g=="
    }
  }
}
